
Microsoft Visual Studio Solution File, Format Version 12.00
# Visual Studio Version 17
VisualStudioVersion = 17.0.32112.339
MinimumVisualStudioVersion = 10.0.40219.1
Project("{9A19103F-16F7-4668-BE54-9A1E7A4F7556}") = "OdeToFood.UI", "OdeToFood.UI\OdeToFood.UI.csproj", "{D5B5C90B-411B-4EA7-9CC1-F41C55073E4D}"
EndProject
Project("{9A19103F-16F7-4668-BE54-9A1E7A4F7556}") = "OdeToFood.Core", "OdeToFood.Core\OdeToFood.Core.csproj", "{CF8050D6-951B-40DF-86E5-D856B93D434D}"
EndProject
Project("{9A19103F-16F7-4668-BE54-9A1E7A4F7556}") = "OdeToFood.Data", "OdeToFood.Data\OdeToFood.Data.csproj", "{E2BDC7C7-6D41-4859-8A80-D59484060EE9}"
EndProject
Global
	GlobalSection(SolutionConfigurationPlatforms) = preSolution
		Debug|Any CPU = Debug|Any CPU
		Release|Any CPU = Release|Any CPU
	EndGlobalSection
	GlobalSection(ProjectConfigurationPlatforms) = postSolution
		{D5B5C90B-411B-4EA7-9CC1-F41C55073E4D}.Debug|Any CPU.ActiveCfg = Debug|Any CPU
		{D5B5C90B-411B-4EA7-9CC1-F41C55073E4D}.Debug|Any CPU.Build.0 = Debug|Any CPU
		{D5B5C90B-411B-4EA7-9CC1-F41C55073E4D}.Release|Any CPU.ActiveCfg = Release|Any CPU
		{D5B5C90B-411B-4EA7-9CC1-F41C55073E4D}.Release|Any CPU.Build.0 = Release|Any CPU
		{CF8050D6-951B-40DF-86E5-D856B93D434D}.Debug|Any CPU.ActiveCfg = Debug|Any CPU
		{CF8050D6-951B-40DF-86E5-D856B93D434D}.Debug|Any CPU.Build.0 = Debug|Any CPU
		{CF8050D6-951B-40DF-86E5-D856B93D434D}.Release|Any CPU.ActiveCfg = Release|Any CPU
		{CF8050D6-951B-40DF-86E5-D856B93D434D}.Release|Any CPU.Build.0 = Release|Any CPU
		{E2BDC7C7-6D41-4859-8A80-D59484060EE9}.Debug|Any CPU.ActiveCfg = Debug|Any CPU
		{E2BDC7C7-6D41-4859-8A80-D59484060EE9}.Debug|Any CPU.Build.0 = Debug|Any CPU
		{E2BDC7C7-6D41-4859-8A80-D59484060EE9}.Release|Any CPU.ActiveCfg = Release|Any CPU
		{E2BDC7C7-6D41-4859-8A80-D59484060EE9}.Release|Any CPU.Build.0 = Release|Any CPU
	EndGlobalSection
	GlobalSection(SolutionProperties) = preSolution
		HideSolutionNode = FALSE
	EndGlobalSection
	GlobalSection(ExtensibilityGlobals) = postSolution
		SolutionGuid = {AA3C4402-FA0A-4D90-88F4-5301B4CF7488}
	EndGlobalSection
EndGlobal
